
Microsoft Visual Studio Solution File, Format Version 12.00
# Visual Studio Version 17
VisualStudioVersion = 17.5.33424.131
MinimumVisualStudioVersion = 10.0.40219.1
Project("{FAE04EC0-301F-11D3-BF4B-00C04F79EFBC}") = "JogoDaForcaConsoleApp1", "JogoDaForcaConsoleApp1\JogoDaForcaConsoleApp1.csproj", "{485C5FCE-B98C-40D4-94D5-A8AAE4E0D37B}"
EndProject
Global
	GlobalSection(SolutionConfigurationPlatforms) = preSolution
		Debug|Any CPU = Debug|Any CPU
		Release|Any CPU = Release|Any CPU
	EndGlobalSection
	GlobalSection(ProjectConfigurationPlatforms) = postSolution
		{485C5FCE-B98C-40D4-94D5-A8AAE4E0D37B}.Debug|Any CPU.ActiveCfg = Debug|Any CPU
		{485C5FCE-B98C-40D4-94D5-A8AAE4E0D37B}.Debug|Any CPU.Build.0 = Debug|Any CPU
		{485C5FCE-B98C-40D4-94D5-A8AAE4E0D37B}.Release|Any CPU.ActiveCfg = Release|Any CPU
		{485C5FCE-B98C-40D4-94D5-A8AAE4E0D37B}.Release|Any CPU.Build.0 = Release|Any CPU
	EndGlobalSection
	GlobalSection(SolutionProperties) = preSolution
		HideSolutionNode = FALSE
	EndGlobalSection
	GlobalSection(ExtensibilityGlobals) = postSolution
		SolutionGuid = {C2F4DA8A-3B13-43A1-B208-FEC7C96FB22B}
	EndGlobalSection
EndGlobal
